
Microsoft Visual Studio Solution File, Format Version 12.00
# Visual Studio Version 17
VisualStudioVersion = 17.0.31903.59
MinimumVisualStudioVersion = 10.0.40219.1
Project("{FAE04EC0-301F-11D3-BF4B-00C04F79EFBC}") = "MobieleTijdkaart.Api", "MobieleTijdkaart.Api\MobieleTijdkaart.Api.csproj", "{8085C8F5-48A9-4DB9-962F-E42116DCB870}"
EndProject
Project("{FAE04EC0-301F-11D3-BF4B-00C04F79EFBC}") = "MobieleTijdkaart.Domain", "MobieleTijdkaart.Domain\MobieleTijdkaart.Domain.csproj", "{6756802B-F8CE-4010-B721-C2639634C583}"
EndProject
Project("{FAE04EC0-301F-11D3-BF4B-00C04F79EFBC}") = "MobieleTijdkaart.Application", "MobieleTijdkaart.Application\MobieleTijdkaart.Application.csproj", "{227FD3BB-2682-4AAB-ACE4-7351FCDC4605}"
EndProject
Project("{FAE04EC0-301F-11D3-BF4B-00C04F79EFBC}") = "MobieleTijdkaart.Infrastructure", "MobieleTijdkaart.Infrastructure\MobieleTijdkaart.Infrastructure.csproj", "{DFFF2885-51FD-4268-B2BF-DB3B3A04697A}"
EndProject
Global
	GlobalSection(SolutionConfigurationPlatforms) = preSolution
		Debug|Any CPU = Debug|Any CPU
		Debug|x64 = Debug|x64
		Debug|x86 = Debug|x86
		Release|Any CPU = Release|Any CPU
		Release|x64 = Release|x64
		Release|x86 = Release|x86
	EndGlobalSection
	GlobalSection(ProjectConfigurationPlatforms) = postSolution
		{8085C8F5-48A9-4DB9-962F-E42116DCB870}.Debug|Any CPU.ActiveCfg = Debug|Any CPU
		{8085C8F5-48A9-4DB9-962F-E42116DCB870}.Debug|Any CPU.Build.0 = Debug|Any CPU
		{8085C8F5-48A9-4DB9-962F-E42116DCB870}.Debug|x64.ActiveCfg = Debug|Any CPU
		{8085C8F5-48A9-4DB9-962F-E42116DCB870}.Debug|x64.Build.0 = Debug|Any CPU
		{8085C8F5-48A9-4DB9-962F-E42116DCB870}.Debug|x86.ActiveCfg = Debug|Any CPU
		{8085C8F5-48A9-4DB9-962F-E42116DCB870}.Debug|x86.Build.0 = Debug|Any CPU
		{8085C8F5-48A9-4DB9-962F-E42116DCB870}.Release|Any CPU.ActiveCfg = Release|Any CPU
		{8085C8F5-48A9-4DB9-962F-E42116DCB870}.Release|Any CPU.Build.0 = Release|Any CPU
		{8085C8F5-48A9-4DB9-962F-E42116DCB870}.Release|x64.ActiveCfg = Release|Any CPU
		{8085C8F5-48A9-4DB9-962F-E42116DCB870}.Release|x64.Build.0 = Release|Any CPU
		{8085C8F5-48A9-4DB9-962F-E42116DCB870}.Release|x86.ActiveCfg = Release|Any CPU
		{8085C8F5-48A9-4DB9-962F-E42116DCB870}.Release|x86.Build.0 = Release|Any CPU
		{6756802B-F8CE-4010-B721-C2639634C583}.Debug|Any CPU.ActiveCfg = Debug|Any CPU
		{6756802B-F8CE-4010-B721-C2639634C583}.Debug|Any CPU.Build.0 = Debug|Any CPU
		{6756802B-F8CE-4010-B721-C2639634C583}.Debug|x64.ActiveCfg = Debug|Any CPU
		{6756802B-F8CE-4010-B721-C2639634C583}.Debug|x64.Build.0 = Debug|Any CPU
		{6756802B-F8CE-4010-B721-C2639634C583}.Debug|x86.ActiveCfg = Debug|Any CPU
		{6756802B-F8CE-4010-B721-C2639634C583}.Debug|x86.Build.0 = Debug|Any CPU
		{6756802B-F8CE-4010-B721-C2639634C583}.Release|Any CPU.ActiveCfg = Release|Any CPU
		{6756802B-F8CE-4010-B721-C2639634C583}.Release|Any CPU.Build.0 = Release|Any CPU
		{6756802B-F8CE-4010-B721-C2639634C583}.Release|x64.ActiveCfg = Release|Any CPU
		{6756802B-F8CE-4010-B721-C2639634C583}.Release|x64.Build.0 = Release|Any CPU
		{6756802B-F8CE-4010-B721-C2639634C583}.Release|x86.ActiveCfg = Release|Any CPU
		{6756802B-F8CE-4010-B721-C2639634C583}.Release|x86.Build.0 = Release|Any CPU
		{227FD3BB-2682-4AAB-ACE4-7351FCDC4605}.Debug|Any CPU.ActiveCfg = Debug|Any CPU
		{227FD3BB-2682-4AAB-ACE4-7351FCDC4605}.Debug|Any CPU.Build.0 = Debug|Any CPU
		{227FD3BB-2682-4AAB-ACE4-7351FCDC4605}.Debug|x64.ActiveCfg = Debug|Any CPU
		{227FD3BB-2682-4AAB-ACE4-7351FCDC4605}.Debug|x64.Build.0 = Debug|Any CPU
		{227FD3BB-2682-4AAB-ACE4-7351FCDC4605}.Debug|x86.ActiveCfg = Debug|Any CPU
		{227FD3BB-2682-4AAB-ACE4-7351FCDC4605}.Debug|x86.Build.0 = Debug|Any CPU
		{227FD3BB-2682-4AAB-ACE4-7351FCDC4605}.Release|Any CPU.ActiveCfg = Release|Any CPU
		{227FD3BB-2682-4AAB-ACE4-7351FCDC4605}.Release|Any CPU.Build.0 = Release|Any CPU
		{227FD3BB-2682-4AAB-ACE4-7351FCDC4605}.Release|x64.ActiveCfg = Release|Any CPU
		{227FD3BB-2682-4AAB-ACE4-7351FCDC4605}.Release|x64.Build.0 = Release|Any CPU
		{227FD3BB-2682-4AAB-ACE4-7351FCDC4605}.Release|x86.ActiveCfg = Release|Any CPU
		{227FD3BB-2682-4AAB-ACE4-7351FCDC4605}.Release|x86.Build.0 = Release|Any CPU
		{DFFF2885-51FD-4268-B2BF-DB3B3A04697A}.Debug|Any CPU.ActiveCfg = Debug|Any CPU
		{DFFF2885-51FD-4268-B2BF-DB3B3A04697A}.Debug|Any CPU.Build.0 = Debug|Any CPU
		{DFFF2885-51FD-4268-B2BF-DB3B3A04697A}.Debug|x64.ActiveCfg = Debug|Any CPU
		{DFFF2885-51FD-4268-B2BF-DB3B3A04697A}.Debug|x64.Build.0 = Debug|Any CPU
		{DFFF2885-51FD-4268-B2BF-DB3B3A04697A}.Debug|x86.ActiveCfg = Debug|Any CPU
		{DFFF2885-51FD-4268-B2BF-DB3B3A04697A}.Debug|x86.Build.0 = Debug|Any CPU
		{DFFF2885-51FD-4268-B2BF-DB3B3A04697A}.Release|Any CPU.ActiveCfg = Release|Any CPU
		{DFFF2885-51FD-4268-B2BF-DB3B3A04697A}.Release|Any CPU.Build.0 = Release|Any CPU
		{DFFF2885-51FD-4268-B2BF-DB3B3A04697A}.Release|x64.ActiveCfg = Release|Any CPU
		{DFFF2885-51FD-4268-B2BF-DB3B3A04697A}.Release|x64.Build.0 = Release|Any CPU
		{DFFF2885-51FD-4268-B2BF-DB3B3A04697A}.Release|x86.ActiveCfg = Release|Any CPU
		{DFFF2885-51FD-4268-B2BF-DB3B3A04697A}.Release|x86.Build.0 = Release|Any CPU
	EndGlobalSection
	GlobalSection(SolutionProperties) = preSolution
		HideSolutionNode = FALSE
	EndGlobalSection
EndGlobal
